
Microsoft Visual Studio Solution File, Format Version 11.00
# Visual Studio 2010
Project("{FAE04EC0-301F-11D3-BF4B-00C04F79EFBC}") = "PatientMonitor", "PatientMonitor\PatientMonitor.csproj", "{0FF073A2-C003-498B-85B6-983E3285BA43}"
EndProject
Project("{FAE04EC0-301F-11D3-BF4B-00C04F79EFBC}") = "TestPatientMonitor", "TestPatientMonitor\TestPatientMonitor.csproj", "{FDB6AA31-0CC3-4625-8197-2C28012FA3AA}"
EndProject
Project("{2150E333-8FDC-42A3-9474-1A3956D46DE8}") = "Solution Items", "Solution Items", "{903C5DEF-1A67-49BE-B555-6E6EA17D4DD9}"
	ProjectSection(SolutionItems) = preProject
		PatientMonitor.vsmdi = PatientMonitor.vsmdi
	EndProjectSection
EndProject
Global
	GlobalSection(TestCaseManagementSettings) = postSolution
		CategoryFile = PatientMonitor.vsmdi
	EndGlobalSection
	GlobalSection(SolutionConfigurationPlatforms) = preSolution
		Debug|Any CPU = Debug|Any CPU
		Debug|Mixed Platforms = Debug|Mixed Platforms
		Debug|x86 = Debug|x86
		Release|Any CPU = Release|Any CPU
		Release|Mixed Platforms = Release|Mixed Platforms
		Release|x86 = Release|x86
	EndGlobalSection
	GlobalSection(ProjectConfigurationPlatforms) = postSolution
		{0FF073A2-C003-498B-85B6-983E3285BA43}.Debug|Any CPU.ActiveCfg = Debug|x86
		{0FF073A2-C003-498B-85B6-983E3285BA43}.Debug|Mixed Platforms.ActiveCfg = Debug|x86
		{0FF073A2-C003-498B-85B6-983E3285BA43}.Debug|Mixed Platforms.Build.0 = Debug|x86
		{0FF073A2-C003-498B-85B6-983E3285BA43}.Debug|x86.ActiveCfg = Debug|x86
		{0FF073A2-C003-498B-85B6-983E3285BA43}.Debug|x86.Build.0 = Debug|x86
		{0FF073A2-C003-498B-85B6-983E3285BA43}.Release|Any CPU.ActiveCfg = Release|x86
		{0FF073A2-C003-498B-85B6-983E3285BA43}.Release|Mixed Platforms.ActiveCfg = Release|x86
		{0FF073A2-C003-498B-85B6-983E3285BA43}.Release|Mixed Platforms.Build.0 = Release|x86
		{0FF073A2-C003-498B-85B6-983E3285BA43}.Release|x86.ActiveCfg = Release|x86
		{0FF073A2-C003-498B-85B6-983E3285BA43}.Release|x86.Build.0 = Release|x86
		{FDB6AA31-0CC3-4625-8197-2C28012FA3AA}.Debug|Any CPU.ActiveCfg = Debug|Any CPU
		{FDB6AA31-0CC3-4625-8197-2C28012FA3AA}.Debug|Any CPU.Build.0 = Debug|Any CPU
		{FDB6AA31-0CC3-4625-8197-2C28012FA3AA}.Debug|Mixed Platforms.ActiveCfg = Debug|Any CPU
		{FDB6AA31-0CC3-4625-8197-2C28012FA3AA}.Debug|Mixed Platforms.Build.0 = Debug|Any CPU
		{FDB6AA31-0CC3-4625-8197-2C28012FA3AA}.Debug|x86.ActiveCfg = Debug|Any CPU
		{FDB6AA31-0CC3-4625-8197-2C28012FA3AA}.Release|Any CPU.ActiveCfg = Release|Any CPU
		{FDB6AA31-0CC3-4625-8197-2C28012FA3AA}.Release|Any CPU.Build.0 = Release|Any CPU
		{FDB6AA31-0CC3-4625-8197-2C28012FA3AA}.Release|Mixed Platforms.ActiveCfg = Release|Any CPU
		{FDB6AA31-0CC3-4625-8197-2C28012FA3AA}.Release|Mixed Platforms.Build.0 = Release|Any CPU
		{FDB6AA31-0CC3-4625-8197-2C28012FA3AA}.Release|x86.ActiveCfg = Release|Any CPU
	EndGlobalSection
	GlobalSection(SolutionProperties) = preSolution
		HideSolutionNode = FALSE
	EndGlobalSection
EndGlobal
